
Microsoft Visual Studio Solution File, Format Version 12.00
# Visual Studio Version 16
VisualStudioVersion = 16.0.30320.27
MinimumVisualStudioVersion = 10.0.40219.1
Project("{FAE04EC0-301F-11D3-BF4B-00C04F79EFBC}") = "InspirePure4.5", "InspirePure4.5\InspirePure4.5.csproj", "{C01A3F93-0EFA-415A-9046-20F09768751F}"
EndProject
Project("{FAE04EC0-301F-11D3-BF4B-00C04F79EFBC}") = "Inspire.DataLayer", "Inspire.DataLayer\Inspire.DataLayer.csproj", "{3128258C-CA32-451B-A5CE-E7908C8DC201}"
EndProject
Project("{FAE04EC0-301F-11D3-BF4B-00C04F79EFBC}") = "Inspire.Core", "Inspire.Core\Inspire.Core.csproj", "{639B3404-5885-45D0-827C-ED403ED07BAE}"
EndProject
Project("{FAE04EC0-301F-11D3-BF4B-00C04F79EFBC}") = "Inspire.Common", "Inspire.Common\Inspire.Common.csproj", "{34198593-3468-4AD9-A87D-AD1A184F1F6E}"
EndProject
Global
	GlobalSection(SolutionConfigurationPlatforms) = preSolution
		Debug|Any CPU = Debug|Any CPU
		Release|Any CPU = Release|Any CPU
	EndGlobalSection
	GlobalSection(ProjectConfigurationPlatforms) = postSolution
		{C01A3F93-0EFA-415A-9046-20F09768751F}.Debug|Any CPU.ActiveCfg = Debug|Any CPU
		{C01A3F93-0EFA-415A-9046-20F09768751F}.Debug|Any CPU.Build.0 = Debug|Any CPU
		{C01A3F93-0EFA-415A-9046-20F09768751F}.Release|Any CPU.ActiveCfg = Release|Any CPU
		{C01A3F93-0EFA-415A-9046-20F09768751F}.Release|Any CPU.Build.0 = Release|Any CPU
		{3128258C-CA32-451B-A5CE-E7908C8DC201}.Debug|Any CPU.ActiveCfg = Debug|Any CPU
		{3128258C-CA32-451B-A5CE-E7908C8DC201}.Debug|Any CPU.Build.0 = Debug|Any CPU
		{3128258C-CA32-451B-A5CE-E7908C8DC201}.Release|Any CPU.ActiveCfg = Release|Any CPU
		{3128258C-CA32-451B-A5CE-E7908C8DC201}.Release|Any CPU.Build.0 = Release|Any CPU
		{639B3404-5885-45D0-827C-ED403ED07BAE}.Debug|Any CPU.ActiveCfg = Debug|Any CPU
		{639B3404-5885-45D0-827C-ED403ED07BAE}.Debug|Any CPU.Build.0 = Debug|Any CPU
		{639B3404-5885-45D0-827C-ED403ED07BAE}.Release|Any CPU.ActiveCfg = Release|Any CPU
		{639B3404-5885-45D0-827C-ED403ED07BAE}.Release|Any CPU.Build.0 = Release|Any CPU
		{34198593-3468-4AD9-A87D-AD1A184F1F6E}.Debug|Any CPU.ActiveCfg = Debug|Any CPU
		{34198593-3468-4AD9-A87D-AD1A184F1F6E}.Debug|Any CPU.Build.0 = Debug|Any CPU
		{34198593-3468-4AD9-A87D-AD1A184F1F6E}.Release|Any CPU.ActiveCfg = Release|Any CPU
		{34198593-3468-4AD9-A87D-AD1A184F1F6E}.Release|Any CPU.Build.0 = Release|Any CPU
	EndGlobalSection
	GlobalSection(SolutionProperties) = preSolution
		HideSolutionNode = FALSE
	EndGlobalSection
	GlobalSection(ExtensibilityGlobals) = postSolution
		SolutionGuid = {1D8B59CA-DB32-4652-B8CE-60212DDC3753}
	EndGlobalSection
EndGlobal
